
Microsoft Visual Studio Solution File, Format Version 12.00
# Visual Studio Version 17
VisualStudioVersion = 17.0.31903.59
MinimumVisualStudioVersion = 10.0.40219.1
Project("{2150E333-8FDC-42A3-9474-1A3956D46DE8}") = "src", "src", "{827E0CD3-B72D-47B6-A68D-7590B98EB39B}"
EndProject
Project("{FAE04EC0-301F-11D3-BF4B-00C04F79EFBC}") = "GriffGym.Api", "src\GriffGym.Api\GriffGym.Api.csproj", "{828644A7-E9B5-4136-91B9-A64E5EC011C9}"
EndProject
Project("{FAE04EC0-301F-11D3-BF4B-00C04F79EFBC}") = "GriffGym.Application", "src\GriffGym.Application\GriffGym.Application.csproj", "{D1EDEAA2-96BE-48D4-B92F-3AE66617BA1F}"
EndProject
Project("{FAE04EC0-301F-11D3-BF4B-00C04F79EFBC}") = "GriffGym.Domain", "src\GriffGym.Domain\GriffGym.Domain.csproj", "{DE392656-B39A-4076-AED0-9CFE3E133E61}"
EndProject
Project("{FAE04EC0-301F-11D3-BF4B-00C04F79EFBC}") = "GriffGym.Infrastructure", "src\GriffGym.Infrastructure\GriffGym.Infrastructure.csproj", "{923F1D48-C990-4DAE-B94B-AB7C233EDD71}"
EndProject
Project("{2150E333-8FDC-42A3-9474-1A3956D46DE8}") = "tests", "tests", "{0AB3BF05-4346-4AA6-1389-037BE0695223}"
EndProject
Project("{FAE04EC0-301F-11D3-BF4B-00C04F79EFBC}") = "GriffGym.Api.IntegrationTests", "tests\GriffGym.Api.IntegrationTests\GriffGym.Api.IntegrationTests.csproj", "{57AF23D0-7071-427F-82F9-9A0E6ECD62DE}"
EndProject
Project("{FAE04EC0-301F-11D3-BF4B-00C04F79EFBC}") = "GriffGym.TestSupport", "tests\GriffGym.TestSupport\GriffGym.TestSupport.csproj", "{C4FFE52F-B16D-45CF-9459-E1FC23629C1F}"
EndProject
Project("{FAE04EC0-301F-11D3-BF4B-00C04F79EFBC}") = "GriffGym.Application.Tests", "tests\GriffGym.Application.Tests\GriffGym.Application.Tests.csproj", "{AFC4F075-FA39-4DE5-843C-D078CEB03856}"
EndProject
Project("{FAE04EC0-301F-11D3-BF4B-00C04F79EFBC}") = "GriffGym.Domain.Tests", "tests\GriffGym.Domain.Tests\GriffGym.Domain.Tests.csproj", "{013CE012-AF9C-45A6-88C2-CC3DEC3D336F}"
EndProject
Project("{FAE04EC0-301F-11D3-BF4B-00C04F79EFBC}") = "GriffGym.Infrastructure.Tests", "tests\GriffGym.Infrastructure.Tests\GriffGym.Infrastructure.Tests.csproj", "{62707521-9C4E-4ED3-AFFB-3C21A724C734}"
EndProject
Global
	GlobalSection(SolutionConfigurationPlatforms) = preSolution
		Debug|Any CPU = Debug|Any CPU
		Debug|x64 = Debug|x64
		Debug|x86 = Debug|x86
		Release|Any CPU = Release|Any CPU
		Release|x64 = Release|x64
		Release|x86 = Release|x86
	EndGlobalSection
	GlobalSection(ProjectConfigurationPlatforms) = postSolution
		{828644A7-E9B5-4136-91B9-A64E5EC011C9}.Debug|Any CPU.ActiveCfg = Debug|Any CPU
		{828644A7-E9B5-4136-91B9-A64E5EC011C9}.Debug|Any CPU.Build.0 = Debug|Any CPU
		{828644A7-E9B5-4136-91B9-A64E5EC011C9}.Debug|x64.ActiveCfg = Debug|Any CPU
		{828644A7-E9B5-4136-91B9-A64E5EC011C9}.Debug|x64.Build.0 = Debug|Any CPU
		{828644A7-E9B5-4136-91B9-A64E5EC011C9}.Debug|x86.ActiveCfg = Debug|Any CPU
		{828644A7-E9B5-4136-91B9-A64E5EC011C9}.Debug|x86.Build.0 = Debug|Any CPU
		{828644A7-E9B5-4136-91B9-A64E5EC011C9}.Release|Any CPU.ActiveCfg = Release|Any CPU
		{828644A7-E9B5-4136-91B9-A64E5EC011C9}.Release|Any CPU.Build.0 = Release|Any CPU
		{828644A7-E9B5-4136-91B9-A64E5EC011C9}.Release|x64.ActiveCfg = Release|Any CPU
		{828644A7-E9B5-4136-91B9-A64E5EC011C9}.Release|x64.Build.0 = Release|Any CPU
		{828644A7-E9B5-4136-91B9-A64E5EC011C9}.Release|x86.ActiveCfg = Release|Any CPU
		{828644A7-E9B5-4136-91B9-A64E5EC011C9}.Release|x86.Build.0 = Release|Any CPU
		{D1EDEAA2-96BE-48D4-B92F-3AE66617BA1F}.Debug|Any CPU.ActiveCfg = Debug|Any CPU
		{D1EDEAA2-96BE-48D4-B92F-3AE66617BA1F}.Debug|Any CPU.Build.0 = Debug|Any CPU
		{D1EDEAA2-96BE-48D4-B92F-3AE66617BA1F}.Debug|x64.ActiveCfg = Debug|Any CPU
		{D1EDEAA2-96BE-48D4-B92F-3AE66617BA1F}.Debug|x64.Build.0 = Debug|Any CPU
		{D1EDEAA2-96BE-48D4-B92F-3AE66617BA1F}.Debug|x86.ActiveCfg = Debug|Any CPU
		{D1EDEAA2-96BE-48D4-B92F-3AE66617BA1F}.Debug|x86.Build.0 = Debug|Any CPU
		{D1EDEAA2-96BE-48D4-B92F-3AE66617BA1F}.Release|Any CPU.ActiveCfg = Release|Any CPU
		{D1EDEAA2-96BE-48D4-B92F-3AE66617BA1F}.Release|Any CPU.Build.0 = Release|Any CPU
		{D1EDEAA2-96BE-48D4-B92F-3AE66617BA1F}.Release|x64.ActiveCfg = Release|Any CPU
		{D1EDEAA2-96BE-48D4-B92F-3AE66617BA1F}.Release|x64.Build.0 = Release|Any CPU
		{D1EDEAA2-96BE-48D4-B92F-3AE66617BA1F}.Release|x86.ActiveCfg = Release|Any CPU
		{D1EDEAA2-96BE-48D4-B92F-3AE66617BA1F}.Release|x86.Build.0 = Release|Any CPU
		{DE392656-B39A-4076-AED0-9CFE3E133E61}.Debug|Any CPU.ActiveCfg = Debug|Any CPU
		{DE392656-B39A-4076-AED0-9CFE3E133E61}.Debug|Any CPU.Build.0 = Debug|Any CPU
		{DE392656-B39A-4076-AED0-9CFE3E133E61}.Debug|x64.ActiveCfg = Debug|Any CPU
		{DE392656-B39A-4076-AED0-9CFE3E133E61}.Debug|x64.Build.0 = Debug|Any CPU
		{DE392656-B39A-4076-AED0-9CFE3E133E61}.Debug|x86.ActiveCfg = Debug|Any CPU
		{DE392656-B39A-4076-AED0-9CFE3E133E61}.Debug|x86.Build.0 = Debug|Any CPU
		{DE392656-B39A-4076-AED0-9CFE3E133E61}.Release|Any CPU.ActiveCfg = Release|Any CPU
		{DE392656-B39A-4076-AED0-9CFE3E133E61}.Release|Any CPU.Build.0 = Release|Any CPU
		{DE392656-B39A-4076-AED0-9CFE3E133E61}.Release|x64.ActiveCfg = Release|Any CPU
		{DE392656-B39A-4076-AED0-9CFE3E133E61}.Release|x64.Build.0 = Release|Any CPU
		{DE392656-B39A-4076-AED0-9CFE3E133E61}.Release|x86.ActiveCfg = Release|Any CPU
		{DE392656-B39A-4076-AED0-9CFE3E133E61}.Release|x86.Build.0 = Release|Any CPU
		{923F1D48-C990-4DAE-B94B-AB7C233EDD71}.Debug|Any CPU.ActiveCfg = Debug|Any CPU
		{923F1D48-C990-4DAE-B94B-AB7C233EDD71}.Debug|Any CPU.Build.0 = Debug|Any CPU
		{923F1D48-C990-4DAE-B94B-AB7C233EDD71}.Debug|x64.ActiveCfg = Debug|Any CPU
		{923F1D48-C990-4DAE-B94B-AB7C233EDD71}.Debug|x64.Build.0 = Debug|Any CPU
		{923F1D48-C990-4DAE-B94B-AB7C233EDD71}.Debug|x86.ActiveCfg = Debug|Any CPU
		{923F1D48-C990-4DAE-B94B-AB7C233EDD71}.Debug|x86.Build.0 = Debug|Any CPU
		{923F1D48-C990-4DAE-B94B-AB7C233EDD71}.Release|Any CPU.ActiveCfg = Release|Any CPU
		{923F1D48-C990-4DAE-B94B-AB7C233EDD71}.Release|Any CPU.Build.0 = Release|Any CPU
		{923F1D48-C990-4DAE-B94B-AB7C233EDD71}.Release|x64.ActiveCfg = Release|Any CPU
		{923F1D48-C990-4DAE-B94B-AB7C233EDD71}.Release|x64.Build.0 = Release|Any CPU
		{923F1D48-C990-4DAE-B94B-AB7C233EDD71}.Release|x86.ActiveCfg = Release|Any CPU
		{923F1D48-C990-4DAE-B94B-AB7C233EDD71}.Release|x86.Build.0 = Release|Any CPU
		{57AF23D0-7071-427F-82F9-9A0E6ECD62DE}.Debug|Any CPU.ActiveCfg = Debug|Any CPU
		{57AF23D0-7071-427F-82F9-9A0E6ECD62DE}.Debug|Any CPU.Build.0 = Debug|Any CPU
		{57AF23D0-7071-427F-82F9-9A0E6ECD62DE}.Debug|x64.ActiveCfg = Debug|Any CPU
		{57AF23D0-7071-427F-82F9-9A0E6ECD62DE}.Debug|x64.Build.0 = Debug|Any CPU
		{57AF23D0-7071-427F-82F9-9A0E6ECD62DE}.Debug|x86.ActiveCfg = Debug|Any CPU
		{57AF23D0-7071-427F-82F9-9A0E6ECD62DE}.Debug|x86.Build.0 = Debug|Any CPU
		{57AF23D0-7071-427F-82F9-9A0E6ECD62DE}.Release|Any CPU.ActiveCfg = Release|Any CPU
		{57AF23D0-7071-427F-82F9-9A0E6ECD62DE}.Release|Any CPU.Build.0 = Release|Any CPU
		{57AF23D0-7071-427F-82F9-9A0E6ECD62DE}.Release|x64.ActiveCfg = Release|Any CPU
		{57AF23D0-7071-427F-82F9-9A0E6ECD62DE}.Release|x64.Build.0 = Release|Any CPU
		{57AF23D0-7071-427F-82F9-9A0E6ECD62DE}.Release|x86.ActiveCfg = Release|Any CPU
		{57AF23D0-7071-427F-82F9-9A0E6ECD62DE}.Release|x86.Build.0 = Release|Any CPU
		{C4FFE52F-B16D-45CF-9459-E1FC23629C1F}.Debug|Any CPU.ActiveCfg = Debug|Any CPU
		{C4FFE52F-B16D-45CF-9459-E1FC23629C1F}.Debug|Any CPU.Build.0 = Debug|Any CPU
		{C4FFE52F-B16D-45CF-9459-E1FC23629C1F}.Debug|x64.ActiveCfg = Debug|Any CPU
		{C4FFE52F-B16D-45CF-9459-E1FC23629C1F}.Debug|x64.Build.0 = Debug|Any CPU
		{C4FFE52F-B16D-45CF-9459-E1FC23629C1F}.Debug|x86.ActiveCfg = Debug|Any CPU
		{C4FFE52F-B16D-45CF-9459-E1FC23629C1F}.Debug|x86.Build.0 = Debug|Any CPU
		{C4FFE52F-B16D-45CF-9459-E1FC23629C1F}.Release|Any CPU.ActiveCfg = Release|Any CPU
		{C4FFE52F-B16D-45CF-9459-E1FC23629C1F}.Release|Any CPU.Build.0 = Release|Any CPU
		{C4FFE52F-B16D-45CF-9459-E1FC23629C1F}.Release|x64.ActiveCfg = Release|Any CPU
		{C4FFE52F-B16D-45CF-9459-E1FC23629C1F}.Release|x64.Build.0 = Release|Any CPU
		{C4FFE52F-B16D-45CF-9459-E1FC23629C1F}.Release|x86.ActiveCfg = Release|Any CPU
		{C4FFE52F-B16D-45CF-9459-E1FC23629C1F}.Release|x86.Build.0 = Release|Any CPU
		{AFC4F075-FA39-4DE5-843C-D078CEB03856}.Debug|Any CPU.ActiveCfg = Debug|Any CPU
		{AFC4F075-FA39-4DE5-843C-D078CEB03856}.Debug|Any CPU.Build.0 = Debug|Any CPU
		{AFC4F075-FA39-4DE5-843C-D078CEB03856}.Debug|x64.ActiveCfg = Debug|Any CPU
		{AFC4F075-FA39-4DE5-843C-D078CEB03856}.Debug|x64.Build.0 = Debug|Any CPU
		{AFC4F075-FA39-4DE5-843C-D078CEB03856}.Debug|x86.ActiveCfg = Debug|Any CPU
		{AFC4F075-FA39-4DE5-843C-D078CEB03856}.Debug|x86.Build.0 = Debug|Any CPU
		{AFC4F075-FA39-4DE5-843C-D078CEB03856}.Release|Any CPU.ActiveCfg = Release|Any CPU
		{AFC4F075-FA39-4DE5-843C-D078CEB03856}.Release|Any CPU.Build.0 = Release|Any CPU
		{AFC4F075-FA39-4DE5-843C-D078CEB03856}.Release|x64.ActiveCfg = Release|Any CPU
		{AFC4F075-FA39-4DE5-843C-D078CEB03856}.Release|x64.Build.0 = Release|Any CPU
		{AFC4F075-FA39-4DE5-843C-D078CEB03856}.Release|x86.ActiveCfg = Release|Any CPU
		{AFC4F075-FA39-4DE5-843C-D078CEB03856}.Release|x86.Build.0 = Release|Any CPU
		{013CE012-AF9C-45A6-88C2-CC3DEC3D336F}.Debug|Any CPU.ActiveCfg = Debug|Any CPU
		{013CE012-AF9C-45A6-88C2-CC3DEC3D336F}.Debug|Any CPU.Build.0 = Debug|Any CPU
		{013CE012-AF9C-45A6-88C2-CC3DEC3D336F}.Debug|x64.ActiveCfg = Debug|Any CPU
		{013CE012-AF9C-45A6-88C2-CC3DEC3D336F}.Debug|x64.Build.0 = Debug|Any CPU
		{013CE012-AF9C-45A6-88C2-CC3DEC3D336F}.Debug|x86.ActiveCfg = Debug|Any CPU
		{013CE012-AF9C-45A6-88C2-CC3DEC3D336F}.Debug|x86.Build.0 = Debug|Any CPU
		{013CE012-AF9C-45A6-88C2-CC3DEC3D336F}.Release|Any CPU.ActiveCfg = Release|Any CPU
		{013CE012-AF9C-45A6-88C2-CC3DEC3D336F}.Release|Any CPU.Build.0 = Release|Any CPU
		{013CE012-AF9C-45A6-88C2-CC3DEC3D336F}.Release|x64.ActiveCfg = Release|Any CPU
		{013CE012-AF9C-45A6-88C2-CC3DEC3D336F}.Release|x64.Build.0 = Release|Any CPU
		{013CE012-AF9C-45A6-88C2-CC3DEC3D336F}.Release|x86.ActiveCfg = Release|Any CPU
		{013CE012-AF9C-45A6-88C2-CC3DEC3D336F}.Release|x86.Build.0 = Release|Any CPU
		{62707521-9C4E-4ED3-AFFB-3C21A724C734}.Debug|Any CPU.ActiveCfg = Debug|Any CPU
		{62707521-9C4E-4ED3-AFFB-3C21A724C734}.Debug|Any CPU.Build.0 = Debug|Any CPU
		{62707521-9C4E-4ED3-AFFB-3C21A724C734}.Debug|x64.ActiveCfg = Debug|Any CPU
		{62707521-9C4E-4ED3-AFFB-3C21A724C734}.Debug|x64.Build.0 = Debug|Any CPU
		{62707521-9C4E-4ED3-AFFB-3C21A724C734}.Debug|x86.ActiveCfg = Debug|Any CPU
		{62707521-9C4E-4ED3-AFFB-3C21A724C734}.Debug|x86.Build.0 = Debug|Any CPU
		{62707521-9C4E-4ED3-AFFB-3C21A724C734}.Release|Any CPU.ActiveCfg = Release|Any CPU
		{62707521-9C4E-4ED3-AFFB-3C21A724C734}.Release|Any CPU.Build.0 = Release|Any CPU
		{62707521-9C4E-4ED3-AFFB-3C21A724C734}.Release|x64.ActiveCfg = Release|Any CPU
		{62707521-9C4E-4ED3-AFFB-3C21A724C734}.Release|x64.Build.0 = Release|Any CPU
		{62707521-9C4E-4ED3-AFFB-3C21A724C734}.Release|x86.ActiveCfg = Release|Any CPU
		{62707521-9C4E-4ED3-AFFB-3C21A724C734}.Release|x86.Build.0 = Release|Any CPU
	EndGlobalSection
	GlobalSection(SolutionProperties) = preSolution
		HideSolutionNode = FALSE
	EndGlobalSection
	GlobalSection(NestedProjects) = preSolution
		{828644A7-E9B5-4136-91B9-A64E5EC011C9} = {827E0CD3-B72D-47B6-A68D-7590B98EB39B}
		{D1EDEAA2-96BE-48D4-B92F-3AE66617BA1F} = {827E0CD3-B72D-47B6-A68D-7590B98EB39B}
		{DE392656-B39A-4076-AED0-9CFE3E133E61} = {827E0CD3-B72D-47B6-A68D-7590B98EB39B}
		{923F1D48-C990-4DAE-B94B-AB7C233EDD71} = {827E0CD3-B72D-47B6-A68D-7590B98EB39B}
		{57AF23D0-7071-427F-82F9-9A0E6ECD62DE} = {0AB3BF05-4346-4AA6-1389-037BE0695223}
		{C4FFE52F-B16D-45CF-9459-E1FC23629C1F} = {0AB3BF05-4346-4AA6-1389-037BE0695223}
		{AFC4F075-FA39-4DE5-843C-D078CEB03856} = {0AB3BF05-4346-4AA6-1389-037BE0695223}
		{013CE012-AF9C-45A6-88C2-CC3DEC3D336F} = {0AB3BF05-4346-4AA6-1389-037BE0695223}
		{62707521-9C4E-4ED3-AFFB-3C21A724C734} = {0AB3BF05-4346-4AA6-1389-037BE0695223}
	EndGlobalSection
EndGlobal
